
Microsoft Visual Studio Solution File, Format Version 12.00
# Visual Studio Version 16
VisualStudioVersion = 16.0.31727.386
MinimumVisualStudioVersion = 10.0.40219.1
Project("{FAE04EC0-301F-11D3-BF4B-00C04F79EFBC}") = "PetuhovEmployment", "PetuhovEmployment.csproj", "{F1A43F79-339C-4937-9BD2-ABC16B8D8786}"
EndProject
Global
	GlobalSection(SolutionConfigurationPlatforms) = preSolution
		Debug|Any CPU = Debug|Any CPU
		Debug|x86 = Debug|x86
		Release|Any CPU = Release|Any CPU
		Release|x86 = Release|x86
	EndGlobalSection
	GlobalSection(ProjectConfigurationPlatforms) = postSolution
		{F1A43F79-339C-4937-9BD2-ABC16B8D8786}.Debug|Any CPU.ActiveCfg = Debug|Any CPU
		{F1A43F79-339C-4937-9BD2-ABC16B8D8786}.Debug|Any CPU.Build.0 = Debug|Any CPU
		{F1A43F79-339C-4937-9BD2-ABC16B8D8786}.Debug|x86.ActiveCfg = Debug|x86
		{F1A43F79-339C-4937-9BD2-ABC16B8D8786}.Debug|x86.Build.0 = Debug|x86
		{F1A43F79-339C-4937-9BD2-ABC16B8D8786}.Release|Any CPU.ActiveCfg = Release|Any CPU
		{F1A43F79-339C-4937-9BD2-ABC16B8D8786}.Release|Any CPU.Build.0 = Release|Any CPU
		{F1A43F79-339C-4937-9BD2-ABC16B8D8786}.Release|x86.ActiveCfg = Release|x86
		{F1A43F79-339C-4937-9BD2-ABC16B8D8786}.Release|x86.Build.0 = Release|x86
	EndGlobalSection
	GlobalSection(SolutionProperties) = preSolution
		HideSolutionNode = FALSE
	EndGlobalSection
	GlobalSection(ExtensibilityGlobals) = postSolution
		SolutionGuid = {FEA3F311-591D-430A-933E-ABBB985FE89C}
	EndGlobalSection
EndGlobal
